Microsoft Visual Studio Solution File, Format Version 12.00
# Visual Studio Version 17
VisualStudioVersion = 17.5.2.0
MinimumVisualStudioVersion = 10.0.40219.1
Project("{FAE04EC0-301F-11D3-BF4B-00C04F79EFBC}") = "HendrixAdvancement", "HendrixAdvancement\HendrixAdvancement.csproj", "{ACF23495-59A8-097B-2DE2-8F4D997ABCBD}"
EndProject
Global
	GlobalSection(SolutionConfigurationPlatforms) = preSolution
		Debug|Any CPU = Debug|Any CPU
		Release|Any CPU = Release|Any CPU
	EndGlobalSection
	GlobalSection(ProjectConfigurationPlatforms) = postSolution
		{ACF23495-59A8-097B-2DE2-8F4D997ABCBD}.Debug|Any CPU.ActiveCfg = Debug|Any CPU
		{ACF23495-59A8-097B-2DE2-8F4D997ABCBD}.Debug|Any CPU.Build.0 = Debug|Any CPU
		{ACF23495-59A8-097B-2DE2-8F4D997ABCBD}.Release|Any CPU.ActiveCfg = Release|Any CPU
		{ACF23495-59A8-097B-2DE2-8F4D997ABCBD}.Release|Any CPU.Build.0 = Release|Any CPU
	EndGlobalSection
	GlobalSection(SolutionProperties) = preSolution
		HideSolutionNode = FALSE
	EndGlobalSection
	GlobalSection(ExtensibilityGlobals) = postSolution
		SolutionGuid = {7386F444-132C-4715-92F6-7A388C6C8300}
	EndGlobalSection
EndGlobal
